PODS:
  - TensorFlowLiteC (2.4.0):
    - TensorFlowLiteC/Core (= 2.4.0)
  - TensorFlowLiteC/Core (2.4.0)
  - TensorFlowLiteObjC (2.4.0):
    - TensorFlowLiteObjC/Core (= 2.4.0)
  - TensorFlowLiteObjC/Core (2.4.0):
    - TensorFlowLiteC (= 2.4.0)
  - tesnsorflowTestDemo (0.1.0)

DEPENDENCIES:
  - TensorFlowLiteObjC
  - tesnsorflowTestDemo (from `../`)

SPEC REPOS:
  trunk:
    - TensorFlowLiteC
    - TensorFlowLiteObjC

EXTERNAL SOURCES:
  tesnsorflowTestDemo:
    :path: "../"

SPEC CHECKSUMS:
  TensorFlowLiteC: 09f8ac75a76caeadb19bcfa694e97454cc1ecf87
  TensorFlowLiteObjC: 2cf94aac7c183ec3dac786fb96420c2ce6e7b820
  tesnsorflowTestDemo: 43fa75ba68dd3f2f264aee55ea8f89c3efbede14

PODFILE CHECKSUM: b6b395780405d0425fc39a3197362addcdd5f4d7

COCOAPODS: 1.10.0.beta.1
